
Microsoft Visual Studio Solution File, Format Version 12.00
# Visual Studio Version 17
VisualStudioVersion = 17.1.32319.34
MinimumVisualStudioVersion = 10.0.40219.1
Project("{2150E333-8FDC-42A3-9474-1A3956D46DE8}") = "Solution Items", "Solution Items", "{93509D18-911E-4C3C-A8B2-A9DCFD07B147}"
	ProjectSection(SolutionItems) = preProject
		..\main.cpp = ..\main.cpp
	EndProjectSection
EndProject
Global
	GlobalSection(SolutionProperties) = preSolution
		HideSolutionNode = FALSE
	EndGlobalSection
	GlobalSection(ExtensibilityGlobals) = postSolution
		SolutionGuid = {4210E703-BAE8-4E1E-AD83-17B30A1D806B}
	EndGlobalSection
EndGlobal
