
Microsoft Visual Studio Solution File, Format Version 12.00
# Visual Studio 15
VisualStudioVersion = 15.0.27130.2024
MinimumVisualStudioVersion = 10.0.40219.1
Project("{8BC9CEB8-8B4A-11D0-8D11-00A0C91BC942}") = "PoolSocket", "PoolSocket\PoolSocket.vcxproj", "{9C96279D-E8AE-433D-8FB0-F84D8E78B94D}"
EndProject
Global
	GlobalSection(SolutionConfigurationPlatforms) = preSolution
		Debug|ARM = Debug|ARM
		Debug|x64 = Debug|x64
		Debug|x86 = Debug|x86
		Release|ARM = Release|ARM
		Release|x64 = Release|x64
		Release|x86 = Release|x86
	EndGlobalSection
	GlobalSection(ProjectConfigurationPlatforms) = postSolution
		{9C96279D-E8AE-433D-8FB0-F84D8E78B94D}.Debug|ARM.ActiveCfg = Debug|ARM
		{9C96279D-E8AE-433D-8FB0-F84D8E78B94D}.Debug|ARM.Build.0 = Debug|ARM
		{9C96279D-E8AE-433D-8FB0-F84D8E78B94D}.Debug|x64.ActiveCfg = Debug|x64
		{9C96279D-E8AE-433D-8FB0-F84D8E78B94D}.Debug|x64.Build.0 = Debug|x64
		{9C96279D-E8AE-433D-8FB0-F84D8E78B94D}.Debug|x86.ActiveCfg = Debug|x86
		{9C96279D-E8AE-433D-8FB0-F84D8E78B94D}.Debug|x86.Build.0 = Debug|x86
		{9C96279D-E8AE-433D-8FB0-F84D8E78B94D}.Release|ARM.ActiveCfg = Release|ARM
		{9C96279D-E8AE-433D-8FB0-F84D8E78B94D}.Release|ARM.Build.0 = Release|ARM
		{9C96279D-E8AE-433D-8FB0-F84D8E78B94D}.Release|x64.ActiveCfg = Release|x64
		{9C96279D-E8AE-433D-8FB0-F84D8E78B94D}.Release|x64.Build.0 = Release|x64
		{9C96279D-E8AE-433D-8FB0-F84D8E78B94D}.Release|x86.ActiveCfg = Release|x86
		{9C96279D-E8AE-433D-8FB0-F84D8E78B94D}.Release|x86.Build.0 = Release|x86
	EndGlobalSection
	GlobalSection(SolutionProperties) = preSolution
		HideSolutionNode = FALSE
	EndGlobalSection
	GlobalSection(ExtensibilityGlobals) = postSolution
		SolutionGuid = {07C5FF8B-873B-4CC4-93D7-34A64BCF850B}
	EndGlobalSection
EndGlobal
